
Microsoft Visual Studio Solution File, Format Version 12.00
# Visual Studio Version 17
VisualStudioVersion = 17.11.35103.136
MinimumVisualStudioVersion = 10.0.40219.1
Project("{FAE04EC0-301F-11D3-BF4B-00C04F79EFBC}") = "Application", "Application.csproj", "{AF3CAF13-8A83-4972-8849-32E2BC4CD879}"
EndProject
Global
	GlobalSection(SolutionConfigurationPlatforms) = preSolution
		Debug|Any CPU = Debug|Any CPU
		Release|Any CPU = Release|Any CPU
	EndGlobalSection
	GlobalSection(ProjectConfigurationPlatforms) = postSolution
		{AF3CAF13-8A83-4972-8849-32E2BC4CD879}.Debug|Any CPU.ActiveCfg = Debug|Any CPU
		{AF3CAF13-8A83-4972-8849-32E2BC4CD879}.Debug|Any CPU.Build.0 = Debug|Any CPU
		{AF3CAF13-8A83-4972-8849-32E2BC4CD879}.Release|Any CPU.ActiveCfg = Release|Any CPU
		{AF3CAF13-8A83-4972-8849-32E2BC4CD879}.Release|Any CPU.Build.0 = Release|Any CPU
	EndGlobalSection
	GlobalSection(SolutionProperties) = preSolution
		HideSolutionNode = FALSE
	EndGlobalSection
	GlobalSection(ExtensibilityGlobals) = postSolution
		SolutionGuid = {5F8579A3-200D-4E07-80A8-1F4E1754C97B}
	EndGlobalSection
EndGlobal
